
Microsoft Visual Studio Solution File, Format Version 12.00
# Visual Studio Version 17
VisualStudioVersion = 17.4.33213.308
MinimumVisualStudioVersion = 10.0.40219.1
Project("{FAE04EC0-301F-11D3-BF4B-00C04F79EFBC}") = "Hybrid.Server", "Hybrid\Server\Hybrid.Server.csproj", "{072CA889-5FFF-4287-A33E-0E2B938D9450}"
EndProject
Project("{FAE04EC0-301F-11D3-BF4B-00C04F79EFBC}") = "Hybrid.Client", "Hybrid\Client\Hybrid.Client.csproj", "{F12673EF-AF45-4B5E-BB38-5B1165BF5FF8}"
EndProject
Project("{FAE04EC0-301F-11D3-BF4B-00C04F79EFBC}") = "Hybrid.Shared", "Hybrid\Shared\Hybrid.Shared.csproj", "{74A9AE61-7D80-435E-9ADE-F8289073F358}"
EndProject
Project("{FAE04EC0-301F-11D3-BF4B-00C04F79EFBC}") = "HybridMaui", "HybridMaui\HybridMaui.csproj", "{97CC3608-98FB-470D-8278-D19524DC6C44}"
EndProject
Project("{FAE04EC0-301F-11D3-BF4B-00C04F79EFBC}") = "HybridRCL", "HybridRCL\HybridRCL.csproj", "{BBAFF219-9B98-4B7C-A7F0-3918F5F4A933}"
EndProject
Global
	GlobalSection(SolutionConfigurationPlatforms) = preSolution
		Debug|Any CPU = Debug|Any CPU
		Release|Any CPU = Release|Any CPU
	EndGlobalSection
	GlobalSection(ProjectConfigurationPlatforms) = postSolution
		{072CA889-5FFF-4287-A33E-0E2B938D9450}.Debug|Any CPU.ActiveCfg = Debug|Any CPU
		{072CA889-5FFF-4287-A33E-0E2B938D9450}.Debug|Any CPU.Build.0 = Debug|Any CPU
		{072CA889-5FFF-4287-A33E-0E2B938D9450}.Release|Any CPU.ActiveCfg = Release|Any CPU
		{072CA889-5FFF-4287-A33E-0E2B938D9450}.Release|Any CPU.Build.0 = Release|Any CPU
		{F12673EF-AF45-4B5E-BB38-5B1165BF5FF8}.Debug|Any CPU.ActiveCfg = Debug|Any CPU
		{F12673EF-AF45-4B5E-BB38-5B1165BF5FF8}.Debug|Any CPU.Build.0 = Debug|Any CPU
		{F12673EF-AF45-4B5E-BB38-5B1165BF5FF8}.Release|Any CPU.ActiveCfg = Release|Any CPU
		{F12673EF-AF45-4B5E-BB38-5B1165BF5FF8}.Release|Any CPU.Build.0 = Release|Any CPU
		{74A9AE61-7D80-435E-9ADE-F8289073F358}.Debug|Any CPU.ActiveCfg = Debug|Any CPU
		{74A9AE61-7D80-435E-9ADE-F8289073F358}.Debug|Any CPU.Build.0 = Debug|Any CPU
		{74A9AE61-7D80-435E-9ADE-F8289073F358}.Release|Any CPU.ActiveCfg = Release|Any CPU
		{74A9AE61-7D80-435E-9ADE-F8289073F358}.Release|Any CPU.Build.0 = Release|Any CPU
		{97CC3608-98FB-470D-8278-D19524DC6C44}.Debug|Any CPU.ActiveCfg = Debug|Any CPU
		{97CC3608-98FB-470D-8278-D19524DC6C44}.Debug|Any CPU.Build.0 = Debug|Any CPU
		{97CC3608-98FB-470D-8278-D19524DC6C44}.Debug|Any CPU.Deploy.0 = Debug|Any CPU
		{97CC3608-98FB-470D-8278-D19524DC6C44}.Release|Any CPU.ActiveCfg = Release|Any CPU
		{97CC3608-98FB-470D-8278-D19524DC6C44}.Release|Any CPU.Build.0 = Release|Any CPU
		{97CC3608-98FB-470D-8278-D19524DC6C44}.Release|Any CPU.Deploy.0 = Release|Any CPU
		{BBAFF219-9B98-4B7C-A7F0-3918F5F4A933}.Debug|Any CPU.ActiveCfg = Debug|Any CPU
		{BBAFF219-9B98-4B7C-A7F0-3918F5F4A933}.Debug|Any CPU.Build.0 = Debug|Any CPU
		{BBAFF219-9B98-4B7C-A7F0-3918F5F4A933}.Release|Any CPU.ActiveCfg = Release|Any CPU
		{BBAFF219-9B98-4B7C-A7F0-3918F5F4A933}.Release|Any CPU.Build.0 = Release|Any CPU
	EndGlobalSection
	GlobalSection(SolutionProperties) = preSolution
		HideSolutionNode = FALSE
	EndGlobalSection
	GlobalSection(ExtensibilityGlobals) = postSolution
		SolutionGuid = {B92975AA-D007-4931-BF20-A84F6EB85AB6}
	EndGlobalSection
EndGlobal
